
Microsoft Visual Studio Solution File, Format Version 12.00
# Visual Studio Version 16
VisualStudioVersion = 16.0.29920.165
MinimumVisualStudioVersion = 10.0.40219.1
Project("{9A19103F-16F7-4668-BE54-9A1E7A4F7556}") = "PAWTradeRecommendationBot", "PAWTradeRecommendationBot\PAWTradeRecommendationBot.csproj", "{DBDA204A-F315-463C-B244-083B6F44E271}"
EndProject
Global
	GlobalSection(SolutionConfigurationPlatforms) = preSolution
		Debug|Any CPU = Debug|Any CPU
		Release|Any CPU = Release|Any CPU
	EndGlobalSection
	GlobalSection(ProjectConfigurationPlatforms) = postSolution
		{DBDA204A-F315-463C-B244-083B6F44E271}.Debug|Any CPU.ActiveCfg = Debug|Any CPU
		{DBDA204A-F315-463C-B244-083B6F44E271}.Debug|Any CPU.Build.0 = Debug|Any CPU
		{DBDA204A-F315-463C-B244-083B6F44E271}.Release|Any CPU.ActiveCfg = Release|Any CPU
		{DBDA204A-F315-463C-B244-083B6F44E271}.Release|Any CPU.Build.0 = Release|Any CPU
	EndGlobalSection
	GlobalSection(SolutionProperties) = preSolution
		HideSolutionNode = FALSE
	EndGlobalSection
	GlobalSection(ExtensibilityGlobals) = postSolution
		SolutionGuid = {39E7DB77-A1F0-40AF-9932-DD33BA468F97}
	EndGlobalSection
EndGlobal
